
Microsoft Visual Studio Solution File, Format Version 12.00
# Visual Studio Version 16
VisualStudioVersion = 16.0.28803.202
MinimumVisualStudioVersion = 10.0.40219.1
Project("{FAE04EC0-301F-11D3-BF4B-00C04F79EFBC}") = "CollectionsHomew", "CollectionsHomew\CollectionsHomew.csproj", "{658E7A64-80D0-47BF-AD3E-D1F469E42804}"
EndProject
Global
	GlobalSection(SolutionConfigurationPlatforms) = preSolution
		Debug|Any CPU = Debug|Any CPU
		Release|Any CPU = Release|Any CPU
	EndGlobalSection
	GlobalSection(ProjectConfigurationPlatforms) = postSolution
		{658E7A64-80D0-47BF-AD3E-D1F469E42804}.Debug|Any CPU.ActiveCfg = Debug|Any CPU
		{658E7A64-80D0-47BF-AD3E-D1F469E42804}.Debug|Any CPU.Build.0 = Debug|Any CPU
		{658E7A64-80D0-47BF-AD3E-D1F469E42804}.Release|Any CPU.ActiveCfg = Release|Any CPU
		{658E7A64-80D0-47BF-AD3E-D1F469E42804}.Release|Any CPU.Build.0 = Release|Any CPU
	EndGlobalSection
	GlobalSection(SolutionProperties) = preSolution
		HideSolutionNode = FALSE
	EndGlobalSection
	GlobalSection(ExtensibilityGlobals) = postSolution
		SolutionGuid = {1A68FFF7-8616-464E-90AA-6BE49F280C36}
	EndGlobalSection
EndGlobal
